
Microsoft Visual Studio Solution File, Format Version 12.00
# Visual Studio Version 17
VisualStudioVersion = 17.10.35013.160
MinimumVisualStudioVersion = 10.0.40219.1
Project("{9A19103F-16F7-4668-BE54-9A1E7A4F7556}") = "WpfCalculatrice", "WpfCalculatrice\WpfCalculatrice.csproj", "{4216CA4D-661E-4267-B46F-413F48699D6E}"
EndProject
Project("{9A19103F-16F7-4668-BE54-9A1E7A4F7556}") = "Calculatrice", "Calculatrice\Calculatrice.csproj", "{481AEB27-CA04-4391-95C4-E395DA30E641}"
EndProject
Project("{FAE04EC0-301F-11D3-BF4B-00C04F79EFBC}") = "TD1Debug", "TD1Debug\TD1Debug.csproj", "{F04DEB7D-919F-4CF5-8641-FAE81B5E0318}"
EndProject
Global
	GlobalSection(SolutionConfigurationPlatforms) = preSolution
		Debug|Any CPU = Debug|Any CPU
		Release|Any CPU = Release|Any CPU
	EndGlobalSection
	GlobalSection(ProjectConfigurationPlatforms) = postSolution
		{4216CA4D-661E-4267-B46F-413F48699D6E}.Debug|Any CPU.ActiveCfg = Debug|Any CPU
		{4216CA4D-661E-4267-B46F-413F48699D6E}.Debug|Any CPU.Build.0 = Debug|Any CPU
		{4216CA4D-661E-4267-B46F-413F48699D6E}.Release|Any CPU.ActiveCfg = Release|Any CPU
		{4216CA4D-661E-4267-B46F-413F48699D6E}.Release|Any CPU.Build.0 = Release|Any CPU
		{481AEB27-CA04-4391-95C4-E395DA30E641}.Debug|Any CPU.ActiveCfg = Debug|Any CPU
		{481AEB27-CA04-4391-95C4-E395DA30E641}.Debug|Any CPU.Build.0 = Debug|Any CPU
		{481AEB27-CA04-4391-95C4-E395DA30E641}.Release|Any CPU.ActiveCfg = Release|Any CPU
		{481AEB27-CA04-4391-95C4-E395DA30E641}.Release|Any CPU.Build.0 = Release|Any CPU
		{F04DEB7D-919F-4CF5-8641-FAE81B5E0318}.Debug|Any CPU.ActiveCfg = Debug|Any CPU
		{F04DEB7D-919F-4CF5-8641-FAE81B5E0318}.Debug|Any CPU.Build.0 = Debug|Any CPU
		{F04DEB7D-919F-4CF5-8641-FAE81B5E0318}.Release|Any CPU.ActiveCfg = Release|Any CPU
		{F04DEB7D-919F-4CF5-8641-FAE81B5E0318}.Release|Any CPU.Build.0 = Release|Any CPU
	EndGlobalSection
	GlobalSection(SolutionProperties) = preSolution
		HideSolutionNode = FALSE
	EndGlobalSection
	GlobalSection(ExtensibilityGlobals) = postSolution
		SolutionGuid = {E6E6C867-F465-4DA4-96AB-8434EDE7FE51}
	EndGlobalSection
EndGlobal
