
Microsoft Visual Studio Solution File, Format Version 12.00
# Visual Studio Version 17
VisualStudioVersion = 17.10.35013.160
MinimumVisualStudioVersion = 10.0.40219.1
Project("{9A19103F-16F7-4668-BE54-9A1E7A4F7556}") = "WpfComptesBancaires", "WpfComptesBancaires\WpfComptesBancaires.csproj", "{05DA91ED-14DB-4A78-9A9E-6749386CBF30}"
EndProject
Project("{FAE04EC0-301F-11D3-BF4B-00C04F79EFBC}") = "DataLayer", "DataLayer\DataLayer.csproj", "{B10A3722-277C-4E73-9CF5-7A9497ED19B8}"
EndProject
Project("{FAE04EC0-301F-11D3-BF4B-00C04F79EFBC}") = "BusinessLayer", "BusinessLayer\BusinessLayer.csproj", "{DE49D833-C0E2-4E74-915E-F26916743686}"
EndProject
Global
	GlobalSection(SolutionConfigurationPlatforms) = preSolution
		Debug|Any CPU = Debug|Any CPU
		Release|Any CPU = Release|Any CPU
	EndGlobalSection
	GlobalSection(ProjectConfigurationPlatforms) = postSolution
		{05DA91ED-14DB-4A78-9A9E-6749386CBF30}.Debug|Any CPU.ActiveCfg = Debug|Any CPU
		{05DA91ED-14DB-4A78-9A9E-6749386CBF30}.Debug|Any CPU.Build.0 = Debug|Any CPU
		{05DA91ED-14DB-4A78-9A9E-6749386CBF30}.Release|Any CPU.ActiveCfg = Release|Any CPU
		{05DA91ED-14DB-4A78-9A9E-6749386CBF30}.Release|Any CPU.Build.0 = Release|Any CPU
		{B10A3722-277C-4E73-9CF5-7A9497ED19B8}.Debug|Any CPU.ActiveCfg = Debug|Any CPU
		{B10A3722-277C-4E73-9CF5-7A9497ED19B8}.Debug|Any CPU.Build.0 = Debug|Any CPU
		{B10A3722-277C-4E73-9CF5-7A9497ED19B8}.Release|Any CPU.ActiveCfg = Release|Any CPU
		{B10A3722-277C-4E73-9CF5-7A9497ED19B8}.Release|Any CPU.Build.0 = Release|Any CPU
		{DE49D833-C0E2-4E74-915E-F26916743686}.Debug|Any CPU.ActiveCfg = Debug|Any CPU
		{DE49D833-C0E2-4E74-915E-F26916743686}.Debug|Any CPU.Build.0 = Debug|Any CPU
		{DE49D833-C0E2-4E74-915E-F26916743686}.Release|Any CPU.ActiveCfg = Release|Any CPU
		{DE49D833-C0E2-4E74-915E-F26916743686}.Release|Any CPU.Build.0 = Release|Any CPU
	EndGlobalSection
	GlobalSection(SolutionProperties) = preSolution
		HideSolutionNode = FALSE
	EndGlobalSection
	GlobalSection(ExtensibilityGlobals) = postSolution
		SolutionGuid = {DC92604B-6B14-4040-AC8E-62A79AE27F9B}
	EndGlobalSection
EndGlobal
